
Microsoft Visual Studio Solution File, Format Version 12.00
# Visual Studio Version 17
VisualStudioVersion = 17.14.36221.1 d17.14
MinimumVisualStudioVersion = 10.0.40219.1
Project("{FAE04EC0-301F-11D3-BF4B-00C04F79EFBC}") = "DropEdit", "DropEdit\DropEdit.csproj", "{910C42CB-B85A-47CF-9E63-32701988F525}"
EndProject
Global
	GlobalSection(SolutionConfigurationPlatforms) = preSolution
		Debug|Any CPU = Debug|Any CPU
		Release|Any CPU = Release|Any CPU
	EndGlobalSection
	GlobalSection(ProjectConfigurationPlatforms) = postSolution
		{910C42CB-B85A-47CF-9E63-32701988F525}.Debug|Any CPU.ActiveCfg = Debug|Any CPU
		{910C42CB-B85A-47CF-9E63-32701988F525}.Debug|Any CPU.Build.0 = Debug|Any CPU
		{910C42CB-B85A-47CF-9E63-32701988F525}.Release|Any CPU.ActiveCfg = Release|Any CPU
		{910C42CB-B85A-47CF-9E63-32701988F525}.Release|Any CPU.Build.0 = Release|Any CPU
	EndGlobalSection
	GlobalSection(SolutionProperties) = preSolution
		HideSolutionNode = FALSE
	EndGlobalSection
	GlobalSection(ExtensibilityGlobals) = postSolution
		SolutionGuid = {24C6D83B-C45A-4290-B6A5-66064D7F42C9}
	EndGlobalSection
EndGlobal
